
Microsoft Visual Studio Solution File, Format Version 12.00
# Visual Studio Version 16
VisualStudioVersion = 16.0.30204.135
MinimumVisualStudioVersion = 10.0.40219.1
Project("{FAE04EC0-301F-11D3-BF4B-00C04F79EFBC}") = "RecipeApp", "RecipeApp\RecipeApp.csproj", "{C4C781A8-3B58-46AD-B482-24B93B8BB45B}"
EndProject
Global
	GlobalSection(SolutionConfigurationPlatforms) = preSolution
		Debug|Any CPU = Debug|Any CPU
		Release|Any CPU = Release|Any CPU
	EndGlobalSection
	GlobalSection(ProjectConfigurationPlatforms) = postSolution
		{C4C781A8-3B58-46AD-B482-24B93B8BB45B}.Debug|Any CPU.ActiveCfg = Debug|Any CPU
		{C4C781A8-3B58-46AD-B482-24B93B8BB45B}.Debug|Any CPU.Build.0 = Debug|Any CPU
		{C4C781A8-3B58-46AD-B482-24B93B8BB45B}.Release|Any CPU.ActiveCfg = Release|Any CPU
		{C4C781A8-3B58-46AD-B482-24B93B8BB45B}.Release|Any CPU.Build.0 = Release|Any CPU
	EndGlobalSection
	GlobalSection(SolutionProperties) = preSolution
		HideSolutionNode = FALSE
	EndGlobalSection
	GlobalSection(ExtensibilityGlobals) = postSolution
		SolutionGuid = {35C1B777-13B7-4E06-BD08-0E4B45AD6FB8}
	EndGlobalSection
EndGlobal
